// !$*UTF8*$!
{
	archiveVersion = 1;
	classes = {
	};
	objectVersion = 50;
	objects = {

/* Begin PBXBuildFile section */
		841AED432695A28300E3FDF8 /* AppDelegate.swift in Sources */ = {isa = PBXBuildFile; fileRef = 841AED422695A28300E3FDF8 /* AppDelegate.swift */; };
		841AED452695A28300E3FDF8 /* SceneDelegate.swift in Sources */ = {isa = PBXBuildFile; fileRef = 841AED442695A28300E3FDF8 /* SceneDelegate.swift */; };
		841AED472695A28300E3FDF8 /* ViewController.swift in Sources */ = {isa = PBXBuildFile; fileRef = 841AED462695A28300E3FDF8 /* ViewController.swift */; };
		841AED4A2695A28300E3FDF8 /* Main.storyboard in Resources */ = {isa = PBXBuildFile; fileRef = 841AED482695A28300E3FDF8 /* Main.storyboard */; };
		841AED4C2695A28600E3FDF8 /* Assets.xcassets in Resources */ = {isa = PBXBuildFile; fileRef = 841AED4B2695A28600E3FDF8 /* Assets.xcassets */; };
		841AED4F2695A28600E3FDF8 /* LaunchScreen.storyboard in Resources */ = {isa = PBXBuildFile; fileRef = 841AED4D2695A28600E3FDF8 /* LaunchScreen.storyboard */; };
		841AED632695DC3900E3FDF8 /* MenuViewController.swift in Sources */ = {isa = PBXBuildFile; fileRef = 841AED622695DC3900E3FDF8 /* MenuViewController.swift */; };
		841AED662695DC4A00E3FDF8 /* ZakazViewController.swift in Sources */ = {isa = PBXBuildFile; fileRef = 841AED652695DC4A00E3FDF8 /* ZakazViewController.swift */; };
/* End PBXBuildFile section */

/* Begin PBXFileReference section */
		841AED3F2695A28300E3FDF8 /* 13_UITextField.app */ = {isa = PBXFileReference; explicitFileType = wrapper.application; includeInIndex = 0; path = 13_UITextField.app; sourceTree = BUILT_PRODUCTS_DIR; };
		841AED422695A28300E3FDF8 /* AppDelegate.swift */ = {isa = PBXFileReference; lastKnownFileType = sourcecode.swift; path = AppDelegate.swift; sourceTree = "<group>"; };
		841AED442695A28300E3FDF8 /* SceneDelegate.swift */ = {isa = PBXFileReference; lastKnownFileType = sourcecode.swift; path = SceneDelegate.swift; sourceTree = "<group>"; };
		841AED462695A28300E3FDF8 /* ViewController.swift */ = {isa = PBXFileReference; lastKnownFileType = sourcecode.swift; path = ViewController.swift; sourceTree = "<group>"; };
		841AED492695A28300E3FDF8 /* Base */ = {isa = PBXFileReference; lastKnownFileType = file.storyboard; name = Base; path = Base.lproj/Main.storyboard; sourceTree = "<group>"; };
		841AED4B2695A28600E3FDF8 /* Assets.xcassets */ = {isa = PBXFileReference; lastKnownFileType = folder.assetcatalog; path = Assets.xcassets; sourceTree = "<group>"; };
		841AED4E2695A28600E3FDF8 /* Base */ = {isa = PBXFileReference; lastKnownFileType = file.storyboard; name = Base; path = Base.lproj/LaunchScreen.storyboard; sourceTree = "<group>"; };
		841AED502695A28600E3FDF8 /* Info.plist */ = {isa = PBXFileReference; lastKnownFileType = text.plist.xml; path = Info.plist; sourceTree = "<group>"; };
		841AED622695DC3900E3FDF8 /* MenuViewController.swift */ = {isa = PBXFileReference; lastKnownFileType = sourcecode.swift; path = MenuViewController.swift; sourceTree = "<group>"; };
		841AED652695DC4A00E3FDF8 /* ZakazViewController.swift */ = {isa = PBXFileReference; lastKnownFileType = sourcecode.swift; path = ZakazViewController.swift; sourceTree = "<group>"; };
/* End PBXFileReference section */

/* Begin PBXFrameworksBuildPhase section */
		841AED3C2695A28300E3FDF8 /* Frameworks */ = {
			isa = PBXFrameworksBuildPhase;
			buildActionMask = 2147483647;
			files = (
			);
			runOnlyForDeploymentPostprocessing = 0;
		};
/* End PBXFrameworksBuildPhase section */

/* Begin PBXGroup section */
		841AED362695A28300E3FDF8 = {
			isa = PBXGroup;
			children = (
				841AED412695A28300E3FDF8 /* 13_UITextField */,
				841AED402695A28300E3FDF8 /* Products */,
			);
			sourceTree = "<group>";
		};
		841AED402695A28300E3FDF8 /* Products */ = {
			isa = PBXGroup;
			children = (
				841AED3F2695A28300E3FDF8 /* 13_UITextField.app */,
			);
			name = Products;
			sourceTree = "<group>";
		};
		841AED412695A28300E3FDF8 /* 13_UITextField */ = {
			isa = PBXGroup;
			children = (
				841AED422695A28300E3FDF8 /* AppDelegate.swift */,
				841AED442695A28300E3FDF8 /* SceneDelegate.swift */,
				841AED462695A28300E3FDF8 /* ViewController.swift */,
				841AED622695DC3900E3FDF8 /* MenuViewController.swift */,
				841AED652695DC4A00E3FDF8 /* ZakazViewController.swift */,
				841AED482695A28300E3FDF8 /* Main.storyboard */,
				841AED4B2695A28600E3FDF8 /* Assets.xcassets */,
				841AED4D2695A28600E3FDF8 /* LaunchScreen.storyboard */,
				841AED502695A28600E3FDF8 /* Info.plist */,
			);
			path = 13_UITextField;
			sourceTree = "<group>";
		};
/* End PBXGroup section */

/* Begin PBXNativeTarget section */
		841AED3E2695A28300E3FDF8 /* 13_UITextField */ = {
			isa = PBXNativeTarget;
			buildConfigurationList = 841AED532695A28600E3FDF8 /* Build configuration list for PBXNativeTarget "13_UITextField" */;
			buildPhases = (
				841AED3B2695A28300E3FDF8 /* Sources */,
				841AED3C2695A28300E3FDF8 /* Frameworks */,
				841AED3D2695A28300E3FDF8 /* Resources */,
			);
			buildRules = (
			);
			dependencies = (
			);
			name = 13_UITextField;
			productName = 13_UITextField;
			productReference = 841AED3F2695A28300E3FDF8 /* 13_UITextField.app */;
			productType = "com.apple.product-type.application";
		};
/* End PBXNativeTarget section */

/* Begin PBXProject section */
		841AED372695A28300E3FDF8 /* Project object */ = {
			isa = PBXProject;
			attributes = {
				LastSwiftUpdateCheck = 1240;
				LastUpgradeCheck = 1240;
				TargetAttributes = {
					841AED3E2695A28300E3FDF8 = {
						CreatedOnToolsVersion = 12.4;
					};
				};
			};
			buildConfigurationList = 841AED3A2695A28300E3FDF8 /* Build configuration list for PBXProject "13_UITextField" */;
			compatibilityVersion = "Xcode 9.3";
			developmentRegion = en;
			hasScannedForEncodings = 0;
			knownRegions = (
				en,
				Base,
			);
			mainGroup = 841AED362695A28300E3FDF8;
			productRefGroup = 841AED402695A28300E3FDF8 /* Products */;
			projectDirPath = "";
			projectRoot = "";
			targets = (
				841AED3E2695A28300E3FDF8 /* 13_UITextField */,
			);
		};
/* End PBXProject section */

/* Begin PBXResourcesBuildPhase section */
		841AED3D2695A28300E3FDF8 /* Resources */ = {
			isa = PBXResourcesBuildPhase;
			buildActionMask = 2147483647;
			files = (
				841AED4F2695A28600E3FDF8 /* LaunchScreen.storyboard in Resources */,
				841AED4C2695A28600E3FDF8 /* Assets.xcassets in Resources */,
				841AED4A2695A28300E3FDF8 /* Main.storyboard in Resources */,
			);
			runOnlyForDeploymentPostprocessing = 0;
		};
/* End PBXResourcesBuildPhase section */

/* Begin PBXSourcesBuildPhase section */
		841AED3B2695A28300E3FDF8 /* Sources */ = {
			isa = PBXSourcesBuildPhase;
			buildActionMask = 2147483647;
			files = (
				841AED662695DC4A00E3FDF8 /* ZakazViewController.swift in Sources */,
				841AED472695A28300E3FDF8 /* ViewController.swift in Sources */,
				841AED432695A28300E3FDF8 /* AppDelegate.swift in Sources */,
				841AED452695A28300E3FDF8 /* SceneDelegate.swift in Sources */,
				841AED632695DC3900E3FDF8 /* MenuViewController.swift in Sources */,
			);
			runOnlyForDeploymentPostprocessing = 0;
		};
/* End PBXSourcesBuildPhase section */

/* Begin PBXVariantGroup section */
		841AED482695A28300E3FDF8 /* Main.storyboard */ = {
			isa = PBXVariantGroup;
			children = (
				841AED492695A28300E3FDF8 /* Base */,
			);
			name = Main.storyboard;
			sourceTree = "<group>";
		};
		841AED4D2695A28600E3FDF8 /* LaunchScreen.storyboard */ = {
			isa = PBXVariantGroup;
			children = (
				841AED4E2695A28600E3FDF8 /* Base */,
			);
			name = LaunchScreen.storyboard;
			sourceTree = "<group>";
		};
/* End PBXVariantGroup section */

/* Begin XCBuildConfiguration section */
		841AED512695A28600E3FDF8 /* Debug */ = {
			isa = XCBuildConfiguration;
			buildSettings = {
				ALWAYS_SEARCH_USER_PATHS = NO;
				CLANG_ANALYZER_NONNULL = YES;
				CLANG_ANALYZER_NUMBER_OBJECT_CONVERSION = YES_AGGRESSIVE;
				CLANG_CXX_LANGUAGE_STANDARD = "gnu++14";
				CLANG_CXX_LIBRARY = "libc++";
				CLANG_ENABLE_MODULES = YES;
				CLANG_ENABLE_OBJC_ARC = YES;
				CLANG_ENABLE_OBJC_WEAK = YES;
				CLANG_WARN_BLOCK_CAPTURE_AUTORELEASING = YES;
				CLANG_WARN_BOOL_CONVERSION = YES;
				CLANG_WARN_COMMA = YES;
				CLANG_WARN_CONSTANT_CONVERSION = YES;
				CLANG_WARN_DEPRECATED_OBJC_IMPLEMENTATIONS = YES;
				CLANG_WARN_DIRECT_OBJC_ISA_USAGE = YES_ERROR;
				CLANG_WARN_DOCUMENTATION_COMMENTS = YES;
				CLANG_WARN_EMPTY_BODY = YES;
				CLANG_WARN_ENUM_CONVERSION = YES;
				CLANG_WARN_INFINITE_RECURSION = YES;
				CLANG_WARN_INT_CONVERSION = YES;
				CLANG_WARN_NON_LITERAL_NULL_CONVERSION = YES;
				CLANG_WARN_OBJC_IMPLICIT_RETAIN_SELF = YES;
				CLANG_WARN_OBJC_LITERAL_CONVERSION = YES;
				CLANG_WARN_OBJC_ROOT_CLASS = YES_ERROR;
				CLANG_WARN_QUOTED_INCLUDE_IN_FRAMEWORK_HEADER = YES;
				CLANG_WARN_RANGE_LOOP_ANALYSIS = YES;
				CLANG_WARN_STRICT_PROTOTYPES = YES;
				CLANG_WARN_SUSPICIOUS_MOVE = YES;
				CLANG_WARN_UNGUARDED_AVAILABILITY = YES_AGGRESSIVE;
				CLANG_WARN_UNREACHABLE_CODE = YES;
				CLANG_WARN__DUPLICATE_METHOD_MATCH = YES;
				COPY_PHASE_STRIP = NO;
				DEBUG_INFORMATION_FORMAT = dwarf;
				ENABLE_STRICT_OBJC_MSGSEND = YES;
				ENABLE_TESTABILITY = YES;
				GCC_C_LANGUAGE_STANDARD = gnu11;
				GCC_DYNAMIC_NO_PIC = NO;
				GCC_NO_COMMON_BLOCKS = YES;
				GCC_OPTIMIZATION_LEVEL = 0;
				GCC_PREPROCESSOR_DEFINITIONS = (
					"DEBUG=1",
					"$(inherited)",
				);
				GCC_WARN_64_TO_32_BIT_CONVERSION = YES;
				GCC_WARN_ABOUT_RETURN_TYPE = YES_ERROR;
				GCC_WARN_UNDECLARED_SELECTOR = YES;
				GCC_WARN_UNINITIALIZED_AUTOS = YES_AGGRESSIVE;
				GCC_WARN_UNUSED_FUNCTION = YES;
				GCC_WARN_UNUSED_VARIABLE = YES;
				IPHONEOS_DEPLOYMENT_TARGET = 14.4;
				MTL_ENABLE_DEBUG_INFO = INCLUDE_SOURCE;
				MTL_FAST_MATH = YES;
				ONLY_ACTIVE_ARCH = YES;
				SDKROOT = iphoneos;
				SWIFT_ACTIVE_COMPILATION_CONDITIONS = DEBUG;
				SWIFT_OPTIMIZATION_LEVEL = "-Onone";
			};
			name = Debug;
		};
		841AED522695A28600E3FDF8 /* Release */ = {
			isa = XCBuildConfiguration;
			buildSettings = {
				ALWAYS_SEARCH_USER_PATHS = NO;
				CLANG_ANALYZER_NONNULL = YES;
				CLANG_ANALYZER_NUMBER_OBJECT_CONVERSION = YES_AGGRESSIVE;
				CLANG_CXX_LANGUAGE_STANDARD = "gnu++14";
				CLANG_CXX_LIBRARY = "libc++";
				CLANG_ENABLE_MODULES = YES;
				CLANG_ENABLE_OBJC_ARC = YES;
				CLANG_ENABLE_OBJC_WEAK = YES;
				CLANG_WARN_BLOCK_CAPTURE_AUTORELEASING = YES;
				CLANG_WARN_BOOL_CONVERSION = YES;
				CLANG_WARN_COMMA = YES;
				CLANG_WARN_CONSTANT_CONVERSION = YES;
				CLANG_WARN_DEPRECATED_OBJC_IMPLEMENTATIONS = YES;
				CLANG_WARN_DIRECT_OBJC_ISA_USAGE = YES_ERROR;
				CLANG_WARN_DOCUMENTATION_COMMENTS = YES;
				CLANG_WARN_EMPTY_BODY = YES;
				CLANG_WARN_ENUM_CONVERSION = YES;
				CLANG_WARN_INFINITE_RECURSION = YES;
				CLANG_WARN_INT_CONVERSION = YES;
				CLANG_WARN_NON_LITERAL_NULL_CONVERSION = YES;
				CLANG_WARN_OBJC_IMPLICIT_RETAIN_SELF = YES;
				CLANG_WARN_OBJC_LITERAL_CONVERSION = YES;
				CLANG_WARN_OBJC_ROOT_CLASS = YES_ERROR;
				CLANG_WARN_QUOTED_INCLUDE_IN_FRAMEWORK_HEADER = YES;
				CLANG_WARN_RANGE_LOOP_ANALYSIS = YES;
				CLANG_WARN_STRICT_PROTOTYPES = YES;
				CLANG_WARN_SUSPICIOUS_MOVE = YES;
				CLANG_WARN_UNGUARDED_AVAILABILITY = YES_AGGRESSIVE;
				CLANG_WARN_UNREACHABLE_CODE = YES;
				CLANG_WARN__DUPLICATE_METHOD_MATCH = YES;
				COPY_PHASE_STRIP = NO;
				DEBUG_INFORMATION_FORMAT = "dwarf-with-dsym";
				ENABLE_NS_ASSERTIONS = NO;
				ENABLE_STRICT_OBJC_MSGSEND = YES;
				GCC_C_LANGUAGE_STANDARD = gnu11;
				GCC_NO_COMMON_BLOCKS = YES;
				GCC_WARN_64_TO_32_BIT_CONVERSION = YES;
				GCC_WARN_ABOUT_RETURN_TYPE = YES_ERROR;
				GCC_WARN_UNDECLARED_SELECTOR = YES;
				GCC_WARN_UNINITIALIZED_AUTOS = YES_AGGRESSIVE;
				GCC_WARN_UNUSED_FUNCTION = YES;
				GCC_WARN_UNUSED_VARIABLE = YES;
				IPHONEOS_DEPLOYMENT_TARGET = 14.4;
				MTL_ENABLE_DEBUG_INFO = NO;
				MTL_FAST_MATH = YES;
				SDKROOT = iphoneos;
				SWIFT_COMPILATION_MODE = wholemodule;
				SWIFT_OPTIMIZATION_LEVEL = "-O";
				VALIDATE_PRODUCT = YES;
			};
			name = Release;
		};
		841AED542695A28600E3FDF8 /* Debug */ = {
			isa = XCBuildConfiguration;
			buildSettings = {
				ASSETCATALOG_COMPILER_APPICON_NAME = AppIcon;
				ASSETCATALOG_COMPILER_GLOBAL_ACCENT_COLOR_NAME = AccentColor;
				CODE_SIGN_STYLE = Automatic;
				DEVELOPMENT_TEAM = RGBZHTV2UG;
				INFOPLIST_FILE = 13_UITextField/Info.plist;
				LD_RUNPATH_SEARCH_PATHS = (
					"$(inherited)",
					"@executable_path/Frameworks",
				);
				PRODUCT_BUNDLE_IDENTIFIER = "com.rus.testapp.-3-UITextField";
				PRODUCT_NAME = "$(TARGET_NAME)";
				SWIFT_VERSION = 5.0;
				TARGETED_DEVICE_FAMILY = "1,2";
			};
			name = Debug;
		};
		841AED552695A28600E3FDF8 /* Release */ = {
			isa = XCBuildConfiguration;
			buildSettings = {
				ASSETCATALOG_COMPILER_APPICON_NAME = AppIcon;
				ASSETCATALOG_COMPILER_GLOBAL_ACCENT_COLOR_NAME = AccentColor;
				CODE_SIGN_STYLE = Automatic;
				DEVELOPMENT_TEAM = RGBZHTV2UG;
				INFOPLIST_FILE = 13_UITextField/Info.plist;
				LD_RUNPATH_SEARCH_PATHS = (
					"$(inherited)",
					"@executable_path/Frameworks",
				);
				PRODUCT_BUNDLE_IDENTIFIER = "com.rus.testapp.-3-UITextField";
				PRODUCT_NAME = "$(TARGET_NAME)";
				SWIFT_VERSION = 5.0;
				TARGETED_DEVICE_FAMILY = "1,2";
			};
			name = Release;
		};
/* End XCBuildConfiguration section */

/* Begin XCConfigurationList section */
		841AED3A2695A28300E3FDF8 /* Build configuration list for PBXProject "13_UITextField" */ = {
			isa = XCConfigurationList;
			buildConfigurations = (
				841AED512695A28600E3FDF8 /* Debug */,
				841AED522695A28600E3FDF8 /* Release */,
			);
			defaultConfigurationIsVisible = 0;
			defaultConfigurationName = Release;
		};
		841AED532695A28600E3FDF8 /* Build configuration list for PBXNativeTarget "13_UITextField" */ = {
			isa = XCConfigurationList;
			buildConfigurations = (
				841AED542695A28600E3FDF8 /* Debug */,
				841AED552695A28600E3FDF8 /* Release */,
			);
			defaultConfigurationIsVisible = 0;
			defaultConfigurationName = Release;
		};
/* End XCConfigurationList section */
	};
	rootObject = 841AED372695A28300E3FDF8 /* Project object */;
}
